
Microsoft Visual Studio Solution File, Format Version 12.00
# Visual Studio Version 17
VisualStudioVersion = 17.3.32901.215
MinimumVisualStudioVersion = 10.0.40219.1
Project("{FAE04EC0-301F-11D3-BF4B-00C04F79EFBC}") = "BlazorApp1", "BlazorApp1\BlazorApp1.csproj", "{73B96496-7E80-4EFC-8D5D-85E2EC5AE139}"
EndProject
Global
	GlobalSection(SolutionConfigurationPlatforms) = preSolution
		Debug|Any CPU = Debug|Any CPU
		Release|Any CPU = Release|Any CPU
	EndGlobalSection
	GlobalSection(ProjectConfigurationPlatforms) = postSolution
		{73B96496-7E80-4EFC-8D5D-85E2EC5AE139}.Debug|Any CPU.ActiveCfg = Debug|Any CPU
		{73B96496-7E80-4EFC-8D5D-85E2EC5AE139}.Debug|Any CPU.Build.0 = Debug|Any CPU
		{73B96496-7E80-4EFC-8D5D-85E2EC5AE139}.Release|Any CPU.ActiveCfg = Release|Any CPU
		{73B96496-7E80-4EFC-8D5D-85E2EC5AE139}.Release|Any CPU.Build.0 = Release|Any CPU
	EndGlobalSection
	GlobalSection(SolutionProperties) = preSolution
		HideSolutionNode = FALSE
	EndGlobalSection
	GlobalSection(ExtensibilityGlobals) = postSolution
		SolutionGuid = {D6EB972E-3226-457F-8509-A3A00EBFC518}
	EndGlobalSection
EndGlobal
